
Microsoft Visual Studio Solution File, Format Version 12.00
# Visual Studio 2015
Project("{FAE04EC0-301F-11D3-BF4B-00C04F79EFBC}") = "Brain Grinder.CSharp", "Brain Grinder.CSharp.csproj", "{2493B03A-8F1A-03B1-83FA-2A401E144289}"
EndProject
Project("{FAE04EC0-301F-11D3-BF4B-00C04F79EFBC}") = "Brain Grinder.CSharp.Editor", "Brain Grinder.CSharp.Editor.csproj", "{AF096FD9-B415-6913-F534-8943FEB1B665}"
EndProject
Global
	GlobalSection(SolutionConfigurationPlatforms) = preSolution
		Debug|Any CPU = Debug|Any CPU
		Release|Any CPU = Release|Any CPU
	EndGlobalSection
	GlobalSection(ProjectConfigurationPlatforms) = postSolution
		{2493B03A-8F1A-03B1-83FA-2A401E144289}.Debug|Any CPU.ActiveCfg = Debug|Any CPU
		{2493B03A-8F1A-03B1-83FA-2A401E144289}.Debug|Any CPU.Build.0 = Debug|Any CPU
		{2493B03A-8F1A-03B1-83FA-2A401E144289}.Release|Any CPU.ActiveCfg = Release|Any CPU
		{2493B03A-8F1A-03B1-83FA-2A401E144289}.Release|Any CPU.Build.0 = Release|Any CPU
		{AF096FD9-B415-6913-F534-8943FEB1B665}.Debug|Any CPU.ActiveCfg = Debug|Any CPU
		{AF096FD9-B415-6913-F534-8943FEB1B665}.Debug|Any CPU.Build.0 = Debug|Any CPU
		{AF096FD9-B415-6913-F534-8943FEB1B665}.Release|Any CPU.ActiveCfg = Release|Any CPU
		{AF096FD9-B415-6913-F534-8943FEB1B665}.Release|Any CPU.Build.0 = Release|Any CPU
	EndGlobalSection
	GlobalSection(SolutionProperties) = preSolution
		HideSolutionNode = FALSE
	EndGlobalSection
EndGlobal
